
Microsoft Visual Studio Solution File, Format Version 12.00
# Visual Studio 15
VisualStudioVersion = 15.0.28307.645
MinimumVisualStudioVersion = 10.0.40219.1
Project("{FAE04EC0-301F-11D3-BF4B-00C04F79EFBC}") = "FotoApplicatie", "FotoApplicatie\FotoApplicatie.csproj", "{79847B35-3F5F-4515-83A9-C0755208C2C2}"
EndProject
Global
	GlobalSection(SolutionConfigurationPlatforms) = preSolution
		Debug|Any CPU = Debug|Any CPU
		Release|Any CPU = Release|Any CPU
	EndGlobalSection
	GlobalSection(ProjectConfigurationPlatforms) = postSolution
		{79847B35-3F5F-4515-83A9-C0755208C2C2}.Debug|Any CPU.ActiveCfg = Debug|Any CPU
		{79847B35-3F5F-4515-83A9-C0755208C2C2}.Debug|Any CPU.Build.0 = Debug|Any CPU
		{79847B35-3F5F-4515-83A9-C0755208C2C2}.Release|Any CPU.ActiveCfg = Release|Any CPU
		{79847B35-3F5F-4515-83A9-C0755208C2C2}.Release|Any CPU.Build.0 = Release|Any CPU
	EndGlobalSection
	GlobalSection(SolutionProperties) = preSolution
		HideSolutionNode = FALSE
	EndGlobalSection
	GlobalSection(ExtensibilityGlobals) = postSolution
		SolutionGuid = {94BFE694-A8B3-4EA6-9622-90339DCACEC8}
	EndGlobalSection
EndGlobal
